
Microsoft Visual Studio Solution File, Format Version 12.00
# Visual Studio Version 16
VisualStudioVersion = 16.0.30804.86
MinimumVisualStudioVersion = 10.0.40219.1
Project("{9A19103F-16F7-4668-BE54-9A1E7A4F7556}") = "PlataformaTccSuporte", "PlataformaTccSuporte.csproj", "{DBF08004-FC32-4FB7-92CD-80ADDDA56714}"
EndProject
Global
	GlobalSection(SolutionConfigurationPlatforms) = preSolution
		Debug|Any CPU = Debug|Any CPU
		Release|Any CPU = Release|Any CPU
	EndGlobalSection
	GlobalSection(ProjectConfigurationPlatforms) = postSolution
		{DBF08004-FC32-4FB7-92CD-80ADDDA56714}.Debug|Any CPU.ActiveCfg = Debug|Any CPU
		{DBF08004-FC32-4FB7-92CD-80ADDDA56714}.Debug|Any CPU.Build.0 = Debug|Any CPU
		{DBF08004-FC32-4FB7-92CD-80ADDDA56714}.Release|Any CPU.ActiveCfg = Release|Any CPU
		{DBF08004-FC32-4FB7-92CD-80ADDDA56714}.Release|Any CPU.Build.0 = Release|Any CPU
	EndGlobalSection
	GlobalSection(SolutionProperties) = preSolution
		HideSolutionNode = FALSE
	EndGlobalSection
	GlobalSection(ExtensibilityGlobals) = postSolution
		SolutionGuid = {04359019-E728-4E82-B225-EBB167F5467D}
	EndGlobalSection
EndGlobal
